// !$*UTF8*$!
{
	archiveVersion = 1;
	classes = {
	};
	objectVersion = 55;
	objects = {

/* Begin PBXBuildFile section */
		7FBC0851284E7F6C007D6E17 /* AppDelegate.swift in Sources */ = {isa = PBXBuildFile; fileRef = 7FBC0850284E7F6C007D6E17 /* AppDelegate.swift */; };
		7FBC0853284E7F6C007D6E17 /* SceneDelegate.swift in Sources */ = {isa = PBXBuildFile; fileRef = 7FBC0852284E7F6C007D6E17 /* SceneDelegate.swift */; };
		7FBC0855284E7F6C007D6E17 /* ViewController.swift in Sources */ = {isa = PBXBuildFile; fileRef = 7FBC0854284E7F6C007D6E17 /* ViewController.swift */; };
		7FBC0858284E7F6C007D6E17 /* Main.storyboard in Resources */ = {isa = PBXBuildFile; fileRef = 7FBC0856284E7F6C007D6E17 /* Main.storyboard */; };
		7FBC085A284E7F6D007D6E17 /* Assets.xcassets in Resources */ = {isa = PBXBuildFile; fileRef = 7FBC0859284E7F6D007D6E17 /* Assets.xcassets */; };
		7FBC085D284E7F6D007D6E17 /* LaunchScreen.storyboard in Resources */ = {isa = PBXBuildFile; fileRef = 7FBC085B284E7F6D007D6E17 /* LaunchScreen.storyboard */; };
		7FBC0865284E87D1007D6E17 /* NMEA.swift in Sources */ = {isa = PBXBuildFile; fileRef = 7FBC0864284E87D1007D6E17 /* NMEA.swift */; };
		7FBC0867284E8AA6007D6E17 /* NmeaLocation.swift in Sources */ = {isa = PBXBuildFile; fileRef = 7FBC0866284E8AA6007D6E17 /* NmeaLocation.swift */; };
/* End PBXBuildFile section */

/* Begin PBXFileReference section */
		7FBC084D284E7F6C007D6E17 /* NMEA_Test.app */ = {isa = PBXFileReference; explicitFileType = wrapper.application; includeInIndex = 0; path = NMEA_Test.app; sourceTree = BUILT_PRODUCTS_DIR; };
		7FBC0850284E7F6C007D6E17 /* AppDelegate.swift */ = {isa = PBXFileReference; lastKnownFileType = sourcecode.swift; path = AppDelegate.swift; sourceTree = "<group>"; };
		7FBC0852284E7F6C007D6E17 /* SceneDelegate.swift */ = {isa = PBXFileReference; lastKnownFileType = sourcecode.swift; path = SceneDelegate.swift; sourceTree = "<group>"; };
		7FBC0854284E7F6C007D6E17 /* ViewController.swift */ = {isa = PBXFileReference; lastKnownFileType = sourcecode.swift; path = ViewController.swift; sourceTree = "<group>"; };
		7FBC0857284E7F6C007D6E17 /* Base */ = {isa = PBXFileReference; lastKnownFileType = file.storyboard; name = Base; path = Base.lproj/Main.storyboard; sourceTree = "<group>"; };
		7FBC0859284E7F6D007D6E17 /* Assets.xcassets */ = {isa = PBXFileReference; lastKnownFileType = folder.assetcatalog; path = Assets.xcassets; sourceTree = "<group>"; };
		7FBC085C284E7F6D007D6E17 /* Base */ = {isa = PBXFileReference; lastKnownFileType = file.storyboard; name = Base; path = Base.lproj/LaunchScreen.storyboard; sourceTree = "<group>"; };
		7FBC085E284E7F6D007D6E17 /* Info.plist */ = {isa = PBXFileReference; lastKnownFileType = text.plist.xml; path = Info.plist; sourceTree = "<group>"; };
		7FBC0864284E87D1007D6E17 /* NMEA.swift */ = {isa = PBXFileReference; lastKnownFileType = sourcecode.swift; path = NMEA.swift; sourceTree = "<group>"; };
		7FBC0866284E8AA6007D6E17 /* NmeaLocation.swift */ = {isa = PBXFileReference; lastKnownFileType = sourcecode.swift; path = NmeaLocation.swift; sourceTree = "<group>"; };
/* End PBXFileReference section */

/* Begin PBXFrameworksBuildPhase section */
		7FBC084A284E7F6C007D6E17 /* Frameworks */ = {
			isa = PBXFrameworksBuildPhase;
			buildActionMask = 2147483647;
			files = (
			);
			runOnlyForDeploymentPostprocessing = 0;
		};
/* End PBXFrameworksBuildPhase section */

/* Begin PBXGroup section */
		7FBC0844284E7F6C007D6E17 = {
			isa = PBXGroup;
			children = (
				7FBC084F284E7F6C007D6E17 /* NMEA_Test */,
				7FBC084E284E7F6C007D6E17 /* Products */,
			);
			sourceTree = "<group>";
		};
		7FBC084E284E7F6C007D6E17 /* Products */ = {
			isa = PBXGroup;
			children = (
				7FBC084D284E7F6C007D6E17 /* NMEA_Test.app */,
			);
			name = Products;
			sourceTree = "<group>";
		};
		7FBC084F284E7F6C007D6E17 /* NMEA_Test */ = {
			isa = PBXGroup;
			children = (
				7FBC0864284E87D1007D6E17 /* NMEA.swift */,
				7FBC0850284E7F6C007D6E17 /* AppDelegate.swift */,
				7FBC0852284E7F6C007D6E17 /* SceneDelegate.swift */,
				7FBC0854284E7F6C007D6E17 /* ViewController.swift */,
				7FBC0866284E8AA6007D6E17 /* NmeaLocation.swift */,
				7FBC0856284E7F6C007D6E17 /* Main.storyboard */,
				7FBC0859284E7F6D007D6E17 /* Assets.xcassets */,
				7FBC085B284E7F6D007D6E17 /* LaunchScreen.storyboard */,
				7FBC085E284E7F6D007D6E17 /* Info.plist */,
			);
			path = NMEA_Test;
			sourceTree = "<group>";
		};
/* End PBXGroup section */

/* Begin PBXNativeTarget section */
		7FBC084C284E7F6C007D6E17 /* NMEA_Test */ = {
			isa = PBXNativeTarget;
			buildConfigurationList = 7FBC0861284E7F6D007D6E17 /* Build configuration list for PBXNativeTarget "NMEA_Test" */;
			buildPhases = (
				7FBC0849284E7F6C007D6E17 /* Sources */,
				7FBC084A284E7F6C007D6E17 /* Frameworks */,
				7FBC084B284E7F6C007D6E17 /* Resources */,
			);
			buildRules = (
			);
			dependencies = (
			);
			name = NMEA_Test;
			productName = NMEA_Test;
			productReference = 7FBC084D284E7F6C007D6E17 /* NMEA_Test.app */;
			productType = "com.apple.product-type.application";
		};
/* End PBXNativeTarget section */

/* Begin PBXProject section */
		7FBC0845284E7F6C007D6E17 /* Project object */ = {
			isa = PBXProject;
			attributes = {
				BuildIndependentTargetsInParallel = 1;
				LastSwiftUpdateCheck = 1330;
				LastUpgradeCheck = 1330;
				TargetAttributes = {
					7FBC084C284E7F6C007D6E17 = {
						CreatedOnToolsVersion = 13.3;
					};
				};
			};
			buildConfigurationList = 7FBC0848284E7F6C007D6E17 /* Build configuration list for PBXProject "NMEA_Test" */;
			compatibilityVersion = "Xcode 13.0";
			developmentRegion = en;
			hasScannedForEncodings = 0;
			knownRegions = (
				en,
				Base,
			);
			mainGroup = 7FBC0844284E7F6C007D6E17;
			productRefGroup = 7FBC084E284E7F6C007D6E17 /* Products */;
			projectDirPath = "";
			projectRoot = "";
			targets = (
				7FBC084C284E7F6C007D6E17 /* NMEA_Test */,
			);
		};
/* End PBXProject section */

/* Begin PBXResourcesBuildPhase section */
		7FBC084B284E7F6C007D6E17 /* Resources */ = {
			isa = PBXResourcesBuildPhase;
			buildActionMask = 2147483647;
			files = (
				7FBC085D284E7F6D007D6E17 /* LaunchScreen.storyboard in Resources */,
				7FBC085A284E7F6D007D6E17 /* Assets.xcassets in Resources */,
				7FBC0858284E7F6C007D6E17 /* Main.storyboard in Resources */,
			);
			runOnlyForDeploymentPostprocessing = 0;
		};
/* End PBXResourcesBuildPhase section */

/* Begin PBXSourcesBuildPhase section */
		7FBC0849284E7F6C007D6E17 /* Sources */ = {
			isa = PBXSourcesBuildPhase;
			buildActionMask = 2147483647;
			files = (
				7FBC0855284E7F6C007D6E17 /* ViewController.swift in Sources */,
				7FBC0851284E7F6C007D6E17 /* AppDelegate.swift in Sources */,
				7FBC0865284E87D1007D6E17 /* NMEA.swift in Sources */,
				7FBC0867284E8AA6007D6E17 /* NmeaLocation.swift in Sources */,
				7FBC0853284E7F6C007D6E17 /* SceneDelegate.swift in Sources */,
			);
			runOnlyForDeploymentPostprocessing = 0;
		};
/* End PBXSourcesBuildPhase section */

/* Begin PBXVariantGroup section */
		7FBC0856284E7F6C007D6E17 /* Main.storyboard */ = {
			isa = PBXVariantGroup;
			children = (
				7FBC0857284E7F6C007D6E17 /* Base */,
			);
			name = Main.storyboard;
			sourceTree = "<group>";
		};
		7FBC085B284E7F6D007D6E17 /* LaunchScreen.storyboard */ = {
			isa = PBXVariantGroup;
			children = (
				7FBC085C284E7F6D007D6E17 /* Base */,
			);
			name = LaunchScreen.storyboard;
			sourceTree = "<group>";
		};
/* End PBXVariantGroup section */

/* Begin XCBuildConfiguration section */
		7FBC085F284E7F6D007D6E17 /* Debug */ = {
			isa = XCBuildConfiguration;
			buildSettings = {
				ALWAYS_SEARCH_USER_PATHS = NO;
				CLANG_ANALYZER_NONNULL = YES;
				CLANG_ANALYZER_NUMBER_OBJECT_CONVERSION = YES_AGGRESSIVE;
				CLANG_CXX_LANGUAGE_STANDARD = "gnu++17";
				CLANG_ENABLE_MODULES = YES;
				CLANG_ENABLE_OBJC_ARC = YES;
				CLANG_ENABLE_OBJC_WEAK = YES;
				CLANG_WARN_BLOCK_CAPTURE_AUTORELEASING = YES;
				CLANG_WARN_BOOL_CONVERSION = YES;
				CLANG_WARN_COMMA = YES;
				CLANG_WARN_CONSTANT_CONVERSION = YES;
				CLANG_WARN_DEPRECATED_OBJC_IMPLEMENTATIONS = YES;
				CLANG_WARN_DIRECT_OBJC_ISA_USAGE = YES_ERROR;
				CLANG_WARN_DOCUMENTATION_COMMENTS = YES;
				CLANG_WARN_EMPTY_BODY = YES;
				CLANG_WARN_ENUM_CONVERSION = YES;
				CLANG_WARN_INFINITE_RECURSION = YES;
				CLANG_WARN_INT_CONVERSION = YES;
				CLANG_WARN_NON_LITERAL_NULL_CONVERSION = YES;
				CLANG_WARN_OBJC_IMPLICIT_RETAIN_SELF = YES;
				CLANG_WARN_OBJC_LITERAL_CONVERSION = YES;
				CLANG_WARN_OBJC_ROOT_CLASS = YES_ERROR;
				CLANG_WARN_QUOTED_INCLUDE_IN_FRAMEWORK_HEADER = YES;
				CLANG_WARN_RANGE_LOOP_ANALYSIS = YES;
				CLANG_WARN_STRICT_PROTOTYPES = YES;
				CLANG_WARN_SUSPICIOUS_MOVE = YES;
				CLANG_WARN_UNGUARDED_AVAILABILITY = YES_AGGRESSIVE;
				CLANG_WARN_UNREACHABLE_CODE = YES;
				CLANG_WARN__DUPLICATE_METHOD_MATCH = YES;
				COPY_PHASE_STRIP = NO;
				DEBUG_INFORMATION_FORMAT = dwarf;
				ENABLE_STRICT_OBJC_MSGSEND = YES;
				ENABLE_TESTABILITY = YES;
				GCC_C_LANGUAGE_STANDARD = gnu11;
				GCC_DYNAMIC_NO_PIC = NO;
				GCC_NO_COMMON_BLOCKS = YES;
				GCC_OPTIMIZATION_LEVEL = 0;
				GCC_PREPROCESSOR_DEFINITIONS = (
					"DEBUG=1",
					"$(inherited)",
				);
				GCC_WARN_64_TO_32_BIT_CONVERSION = YES;
				GCC_WARN_ABOUT_RETURN_TYPE = YES_ERROR;
				GCC_WARN_UNDECLARED_SELECTOR = YES;
				GCC_WARN_UNINITIALIZED_AUTOS = YES_AGGRESSIVE;
				GCC_WARN_UNUSED_FUNCTION = YES;
				GCC_WARN_UNUSED_VARIABLE = YES;
				IPHONEOS_DEPLOYMENT_TARGET = 15.4;
				MTL_ENABLE_DEBUG_INFO = INCLUDE_SOURCE;
				MTL_FAST_MATH = YES;
				ONLY_ACTIVE_ARCH = YES;
				SDKROOT = iphoneos;
				SWIFT_ACTIVE_COMPILATION_CONDITIONS = DEBUG;
				SWIFT_OPTIMIZATION_LEVEL = "-Onone";
			};
			name = Debug;
		};
		7FBC0860284E7F6D007D6E17 /* Release */ = {
			isa = XCBuildConfiguration;
			buildSettings = {
				ALWAYS_SEARCH_USER_PATHS = NO;
				CLANG_ANALYZER_NONNULL = YES;
				CLANG_ANALYZER_NUMBER_OBJECT_CONVERSION = YES_AGGRESSIVE;
				CLANG_CXX_LANGUAGE_STANDARD = "gnu++17";
				CLANG_ENABLE_MODULES = YES;
				CLANG_ENABLE_OBJC_ARC = YES;
				CLANG_ENABLE_OBJC_WEAK = YES;
				CLANG_WARN_BLOCK_CAPTURE_AUTORELEASING = YES;
				CLANG_WARN_BOOL_CONVERSION = YES;
				CLANG_WARN_COMMA = YES;
				CLANG_WARN_CONSTANT_CONVERSION = YES;
				CLANG_WARN_DEPRECATED_OBJC_IMPLEMENTATIONS = YES;
				CLANG_WARN_DIRECT_OBJC_ISA_USAGE = YES_ERROR;
				CLANG_WARN_DOCUMENTATION_COMMENTS = YES;
				CLANG_WARN_EMPTY_BODY = YES;
				CLANG_WARN_ENUM_CONVERSION = YES;
				CLANG_WARN_INFINITE_RECURSION = YES;
				CLANG_WARN_INT_CONVERSION = YES;
				CLANG_WARN_NON_LITERAL_NULL_CONVERSION = YES;
				CLANG_WARN_OBJC_IMPLICIT_RETAIN_SELF = YES;
				CLANG_WARN_OBJC_LITERAL_CONVERSION = YES;
				CLANG_WARN_OBJC_ROOT_CLASS = YES_ERROR;
				CLANG_WARN_QUOTED_INCLUDE_IN_FRAMEWORK_HEADER = YES;
				CLANG_WARN_RANGE_LOOP_ANALYSIS = YES;
				CLANG_WARN_STRICT_PROTOTYPES = YES;
				CLANG_WARN_SUSPICIOUS_MOVE = YES;
				CLANG_WARN_UNGUARDED_AVAILABILITY = YES_AGGRESSIVE;
				CLANG_WARN_UNREACHABLE_CODE = YES;
				CLANG_WARN__DUPLICATE_METHOD_MATCH = YES;
				COPY_PHASE_STRIP = NO;
				DEBUG_INFORMATION_FORMAT = "dwarf-with-dsym";
				ENABLE_NS_ASSERTIONS = NO;
				ENABLE_STRICT_OBJC_MSGSEND = YES;
				GCC_C_LANGUAGE_STANDARD = gnu11;
				GCC_NO_COMMON_BLOCKS = YES;
				GCC_WARN_64_TO_32_BIT_CONVERSION = YES;
				GCC_WARN_ABOUT_RETURN_TYPE = YES_ERROR;
				GCC_WARN_UNDECLARED_SELECTOR = YES;
				GCC_WARN_UNINITIALIZED_AUTOS = YES_AGGRESSIVE;
				GCC_WARN_UNUSED_FUNCTION = YES;
				GCC_WARN_UNUSED_VARIABLE = YES;
				IPHONEOS_DEPLOYMENT_TARGET = 15.4;
				MTL_ENABLE_DEBUG_INFO = NO;
				MTL_FAST_MATH = YES;
				SDKROOT = iphoneos;
				SWIFT_COMPILATION_MODE = wholemodule;
				SWIFT_OPTIMIZATION_LEVEL = "-O";
				VALIDATE_PRODUCT = YES;
			};
			name = Release;
		};
		7FBC0862284E7F6D007D6E17 /* Debug */ = {
			isa = XCBuildConfiguration;
			buildSettings = {
				ASSETCATALOG_COMPILER_APPICON_NAME = AppIcon;
				ASSETCATALOG_COMPILER_GLOBAL_ACCENT_COLOR_NAME = AccentColor;
				CODE_SIGN_STYLE = Automatic;
				CURRENT_PROJECT_VERSION = 1;
				GENERATE_INFOPLIST_FILE = YES;
				INFOPLIST_FILE = NMEA_Test/Info.plist;
				INFOPLIST_KEY_UIApplicationSupportsIndirectInputEvents = YES;
				INFOPLIST_KEY_UILaunchStoryboardName = LaunchScreen;
				INFOPLIST_KEY_UIMainStoryboardFile = Main;
				INFOPLIST_KEY_UISupportedInterfaceOrientations_iPad = "UIInterfaceOrientationPortrait UIInterfaceOrientationPortraitUpsideDown UIInterfaceOrientationLandscapeLeft UIInterfaceOrientationLandscapeRight";
				INFOPLIST_KEY_UISupportedInterfaceOrientations_iPhone = "UIInterfaceOrientationPortrait UIInterfaceOrientationLandscapeLeft UIInterfaceOrientationLandscapeRight";
				LD_RUNPATH_SEARCH_PATHS = (
					"$(inherited)",
					"@executable_path/Frameworks",
				);
				MARKETING_VERSION = 1.0;
				PRODUCT_BUNDLE_IDENTIFIER = "com.laan.labs.NMEA-Test.NMEA-Test";
				PRODUCT_NAME = "$(TARGET_NAME)";
				SWIFT_EMIT_LOC_STRINGS = YES;
				SWIFT_VERSION = 5.0;
				TARGETED_DEVICE_FAMILY = "1,2";
			};
			name = Debug;
		};
		7FBC0863284E7F6D007D6E17 /* Release */ = {
			isa = XCBuildConfiguration;
			buildSettings = {
				ASSETCATALOG_COMPILER_APPICON_NAME = AppIcon;
				ASSETCATALOG_COMPILER_GLOBAL_ACCENT_COLOR_NAME = AccentColor;
				CODE_SIGN_STYLE = Automatic;
				CURRENT_PROJECT_VERSION = 1;
				GENERATE_INFOPLIST_FILE = YES;
				INFOPLIST_FILE = NMEA_Test/Info.plist;
				INFOPLIST_KEY_UIApplicationSupportsIndirectInputEvents = YES;
				INFOPLIST_KEY_UILaunchStoryboardName = LaunchScreen;
				INFOPLIST_KEY_UIMainStoryboardFile = Main;
				INFOPLIST_KEY_UISupportedInterfaceOrientations_iPad = "UIInterfaceOrientationPortrait UIInterfaceOrientationPortraitUpsideDown UIInterfaceOrientationLandscapeLeft UIInterfaceOrientationLandscapeRight";
				INFOPLIST_KEY_UISupportedInterfaceOrientations_iPhone = "UIInterfaceOrientationPortrait UIInterfaceOrientationLandscapeLeft UIInterfaceOrientationLandscapeRight";
				LD_RUNPATH_SEARCH_PATHS = (
					"$(inherited)",
					"@executable_path/Frameworks",
				);
				MARKETING_VERSION = 1.0;
				PRODUCT_BUNDLE_IDENTIFIER = "com.laan.labs.NMEA-Test.NMEA-Test";
				PRODUCT_NAME = "$(TARGET_NAME)";
				SWIFT_EMIT_LOC_STRINGS = YES;
				SWIFT_VERSION = 5.0;
				TARGETED_DEVICE_FAMILY = "1,2";
			};
			name = Release;
		};
/* End XCBuildConfiguration section */

/* Begin XCConfigurationList section */
		7FBC0848284E7F6C007D6E17 /* Build configuration list for PBXProject "NMEA_Test" */ = {
			isa = XCConfigurationList;
			buildConfigurations = (
				7FBC085F284E7F6D007D6E17 /* Debug */,
				7FBC0860284E7F6D007D6E17 /* Release */,
			);
			defaultConfigurationIsVisible = 0;
			defaultConfigurationName = Release;
		};
		7FBC0861284E7F6D007D6E17 /* Build configuration list for PBXNativeTarget "NMEA_Test" */ = {
			isa = XCConfigurationList;
			buildConfigurations = (
				7FBC0862284E7F6D007D6E17 /* Debug */,
				7FBC0863284E7F6D007D6E17 /* Release */,
			);
			defaultConfigurationIsVisible = 0;
			defaultConfigurationName = Release;
		};
/* End XCConfigurationList section */
	};
	rootObject = 7FBC0845284E7F6C007D6E17 /* Project object */;
}
